
Microsoft Visual Studio Solution File, Format Version 12.00
# Visual Studio Version 16
VisualStudioVersion = 16.0.28803.156
MinimumVisualStudioVersion = 10.0.40219.1
Project("{FAE04EC0-301F-11D3-BF4B-00C04F79EFBC}") = "iAspNetCore.RazorComponents", "src\iAspNetCore.RazorComponents\iAspNetCore.RazorComponents.csproj", "{AA2A2FCE-FE51-4F2E-85EC-307207AFD02C}"
EndProject
Global
	GlobalSection(SolutionConfigurationPlatforms) = preSolution
		Debug|Any CPU = Debug|Any CPU
		Release|Any CPU = Release|Any CPU
	EndGlobalSection
	GlobalSection(ProjectConfigurationPlatforms) = postSolution
		{AA2A2FCE-FE51-4F2E-85EC-307207AFD02C}.Debug|Any CPU.ActiveCfg = Debug|Any CPU
		{AA2A2FCE-FE51-4F2E-85EC-307207AFD02C}.Debug|Any CPU.Build.0 = Debug|Any CPU
		{AA2A2FCE-FE51-4F2E-85EC-307207AFD02C}.Release|Any CPU.ActiveCfg = Release|Any CPU
		{AA2A2FCE-FE51-4F2E-85EC-307207AFD02C}.Release|Any CPU.Build.0 = Release|Any CPU
	EndGlobalSection
	GlobalSection(SolutionProperties) = preSolution
		HideSolutionNode = FALSE
	EndGlobalSection
	GlobalSection(ExtensibilityGlobals) = postSolution
		SolutionGuid = {859D9A0E-9C94-49F6-B209-A5FE8674BD3C}
	EndGlobalSection
EndGlobal
