
Microsoft Visual Studio Solution File, Format Version 12.00
# Visual Studio Version 16
VisualStudioVersion = 16.0.28803.156
MinimumVisualStudioVersion = 10.0.40219.1
Project("{9A19103F-16F7-4668-BE54-9A1E7A4F7556}") = "iAspNetCore.RazorComponents", "iAspNetCore.RazorComponents\iAspNetCore.RazorComponents.csproj", "{D4E8FA22-4D27-4019-A61B-BD249AD38D69}"
EndProject
Global
	GlobalSection(SolutionConfigurationPlatforms) = preSolution
		Debug|Any CPU = Debug|Any CPU
		Release|Any CPU = Release|Any CPU
	EndGlobalSection
	GlobalSection(ProjectConfigurationPlatforms) = postSolution
		{D4E8FA22-4D27-4019-A61B-BD249AD38D69}.Debug|Any CPU.ActiveCfg = Debug|Any CPU
		{D4E8FA22-4D27-4019-A61B-BD249AD38D69}.Debug|Any CPU.Build.0 = Debug|Any CPU
		{D4E8FA22-4D27-4019-A61B-BD249AD38D69}.Release|Any CPU.ActiveCfg = Release|Any CPU
		{D4E8FA22-4D27-4019-A61B-BD249AD38D69}.Release|Any CPU.Build.0 = Release|Any CPU
	EndGlobalSection
	GlobalSection(SolutionProperties) = preSolution
		HideSolutionNode = FALSE
	EndGlobalSection
	GlobalSection(ExtensibilityGlobals) = postSolution
		SolutionGuid = {859D9A0E-9C94-49F6-B209-A5FE8674BD3C}
	EndGlobalSection
EndGlobal
