
Microsoft Visual Studio Solution File, Format Version 12.00
# Visual Studio Version 17
VisualStudioVersion = 17.1.32328.378
MinimumVisualStudioVersion = 10.0.40219.1
Project("{9A19103F-16F7-4668-BE54-9A1E7A4F7556}") = "iAspNetCore.RazorComponents", "src\6.x\iAspNetCore.RazorComponents\iAspNetCore.RazorComponents\iAspNetCore.RazorComponents.csproj", "{42D6EBC3-6289-4A85-819F-A4499F84A89C}"
EndProject
Project("{9A19103F-16F7-4668-BE54-9A1E7A4F7556}") = "BlazorServer", "src\6.x\BlazorServer\BlazorServer.csproj", "{A23124C4-BB82-4A7F-91E6-0B6C1267CA9F}"
EndProject
Project("{2150E333-8FDC-42A3-9474-1A3956D46DE8}") = "Solution Items", "Solution Items", "{5A043A77-8A3D-4C2A-B9C8-C0EA745F53E1}"
	ProjectSection(SolutionItems) = preProject
		README.md = README.md
	EndProjectSection
EndProject
Global
	GlobalSection(SolutionConfigurationPlatforms) = preSolution
		Debug|Any CPU = Debug|Any CPU
		Release|Any CPU = Release|Any CPU
	EndGlobalSection
	GlobalSection(ProjectConfigurationPlatforms) = postSolution
		{42D6EBC3-6289-4A85-819F-A4499F84A89C}.Debug|Any CPU.ActiveCfg = Debug|Any CPU
		{42D6EBC3-6289-4A85-819F-A4499F84A89C}.Debug|Any CPU.Build.0 = Debug|Any CPU
		{42D6EBC3-6289-4A85-819F-A4499F84A89C}.Release|Any CPU.ActiveCfg = Release|Any CPU
		{42D6EBC3-6289-4A85-819F-A4499F84A89C}.Release|Any CPU.Build.0 = Release|Any CPU
		{A23124C4-BB82-4A7F-91E6-0B6C1267CA9F}.Debug|Any CPU.ActiveCfg = Debug|Any CPU
		{A23124C4-BB82-4A7F-91E6-0B6C1267CA9F}.Debug|Any CPU.Build.0 = Debug|Any CPU
		{A23124C4-BB82-4A7F-91E6-0B6C1267CA9F}.Release|Any CPU.ActiveCfg = Release|Any CPU
		{A23124C4-BB82-4A7F-91E6-0B6C1267CA9F}.Release|Any CPU.Build.0 = Release|Any CPU
	EndGlobalSection
	GlobalSection(SolutionProperties) = preSolution
		HideSolutionNode = FALSE
	EndGlobalSection
	GlobalSection(ExtensibilityGlobals) = postSolution
		SolutionGuid = {D3A2A6FC-9531-475E-9DCD-E9AB237D2FCA}
	EndGlobalSection
EndGlobal
